// !$*UTF8*$!
{
	archiveVersion = 1;
	classes = {
	};
	objectVersion = 50;
	objects = {

/* Begin PBXBuildFile section */
		84F94883213A48220039EDF6 /* AppDelegate.swift in Sources */ = {isa = PBXBuildFile; fileRef = 84F94882213A48220039EDF6 /* AppDelegate.swift */; };
		84F94885213A48220039EDF6 /* ViewController.swift in Sources */ = {isa = PBXBuildFile; fileRef = 84F94884213A48220039EDF6 /* ViewController.swift */; };
		84F94888213A48220039EDF6 /* Main.storyboard in Resources */ = {isa = PBXBuildFile; fileRef = 84F94886213A48220039EDF6 /* Main.storyboard */; };
		84F9488A213A48230039EDF6 /* Assets.xcassets in Resources */ = {isa = PBXBuildFile; fileRef = 84F94889213A48230039EDF6 /* Assets.xcassets */; };
		84F9488D213A48230039EDF6 /* LaunchScreen.storyboard in Resources */ = {isa = PBXBuildFile; fileRef = 84F9488B213A48230039EDF6 /* LaunchScreen.storyboard */; };
		84F94898213A48230039EDF6 /* firstSwiftProjectTests.swift in Sources */ = {isa = PBXBuildFile; fileRef = 84F94897213A48230039EDF6 /* firstSwiftProjectTests.swift */; };
		84F948A3213A48230039EDF6 /* firstSwiftProjectUITests.swift in Sources */ = {isa = PBXBuildFile; fileRef = 84F948A2213A48230039EDF6 /* firstSwiftProjectUITests.swift */; };
/* End PBXBuildFile section */

/* Begin PBXContainerItemProxy section */
		84F94894213A48230039EDF6 /* PBXContainerItemProxy */ = {
			isa = PBXContainerItemProxy;
			containerPortal = 84F94877213A48220039EDF6 /* Project object */;
			proxyType = 1;
			remoteGlobalIDString = 84F9487E213A48220039EDF6;
			remoteInfo = firstSwiftProject;
		};
		84F9489F213A48230039EDF6 /* PBXContainerItemProxy */ = {
			isa = PBXContainerItemProxy;
			containerPortal = 84F94877213A48220039EDF6 /* Project object */;
			proxyType = 1;
			remoteGlobalIDString = 84F9487E213A48220039EDF6;
			remoteInfo = firstSwiftProject;
		};
/* End PBXContainerItemProxy section */

/* Begin PBXFileReference section */
		84F9487F213A48220039EDF6 /* firstSwiftProject.app */ = {isa = PBXFileReference; explicitFileType = wrapper.application; includeInIndex = 0; path = firstSwiftProject.app; sourceTree = BUILT_PRODUCTS_DIR; };
		84F94882213A48220039EDF6 /* AppDelegate.swift */ = {isa = PBXFileReference; lastKnownFileType = sourcecode.swift; path = AppDelegate.swift; sourceTree = "<group>"; };
		84F94884213A48220039EDF6 /* ViewController.swift */ = {isa = PBXFileReference; lastKnownFileType = sourcecode.swift; path = ViewController.swift; sourceTree = "<group>"; };
		84F94887213A48220039EDF6 /* Base */ = {isa = PBXFileReference; lastKnownFileType = file.storyboard; name = Base; path = Base.lproj/Main.storyboard; sourceTree = "<group>"; };
		84F94889213A48230039EDF6 /* Assets.xcassets */ = {isa = PBXFileReference; lastKnownFileType = folder.assetcatalog; path = Assets.xcassets; sourceTree = "<group>"; };
		84F9488C213A48230039EDF6 /* Base */ = {isa = PBXFileReference; lastKnownFileType = file.storyboard; name = Base; path = Base.lproj/LaunchScreen.storyboard; sourceTree = "<group>"; };
		84F9488E213A48230039EDF6 /* Info.plist */ = {isa = PBXFileReference; lastKnownFileType = text.plist.xml; path = Info.plist; sourceTree = "<group>"; };
		84F94893213A48230039EDF6 /* firstSwiftProjectTests.xctest */ = {isa = PBXFileReference; explicitFileType = wrapper.cfbundle; includeInIndex = 0; path = firstSwiftProjectTests.xctest; sourceTree = BUILT_PRODUCTS_DIR; };
		84F94897213A48230039EDF6 /* firstSwiftProjectTests.swift */ = {isa = PBXFileReference; lastKnownFileType = sourcecode.swift; path = firstSwiftProjectTests.swift; sourceTree = "<group>"; };
		84F94899213A48230039EDF6 /* Info.plist */ = {isa = PBXFileReference; lastKnownFileType = text.plist.xml; path = Info.plist; sourceTree = "<group>"; };
		84F9489E213A48230039EDF6 /* firstSwiftProjectUITests.xctest */ = {isa = PBXFileReference; explicitFileType = wrapper.cfbundle; includeInIndex = 0; path = firstSwiftProjectUITests.xctest; sourceTree = BUILT_PRODUCTS_DIR; };
		84F948A2213A48230039EDF6 /* firstSwiftProjectUITests.swift */ = {isa = PBXFileReference; lastKnownFileType = sourcecode.swift; path = firstSwiftProjectUITests.swift; sourceTree = "<group>"; };
		84F948A4213A48230039EDF6 /* Info.plist */ = {isa = PBXFileReference; lastKnownFileType = text.plist.xml; path = Info.plist; sourceTree = "<group>"; };
/* End PBXFileReference section */

/* Begin PBXFrameworksBuildPhase section */
		84F9487C213A48220039EDF6 /* Frameworks */ = {
			isa = PBXFrameworksBuildPhase;
			buildActionMask = 2147483647;
			files = (
			);
			runOnlyForDeploymentPostprocessing = 0;
		};
		84F94890213A48230039EDF6 /* Frameworks */ = {
			isa = PBXFrameworksBuildPhase;
			buildActionMask = 2147483647;
			files = (
			);
			runOnlyForDeploymentPostprocessing = 0;
		};
		84F9489B213A48230039EDF6 /* Frameworks */ = {
			isa = PBXFrameworksBuildPhase;
			buildActionMask = 2147483647;
			files = (
			);
			runOnlyForDeploymentPostprocessing = 0;
		};
/* End PBXFrameworksBuildPhase section */

/* Begin PBXGroup section */
		84F94876213A48220039EDF6 = {
			isa = PBXGroup;
			children = (
				84F94881213A48220039EDF6 /* firstSwiftProject */,
				84F94896213A48230039EDF6 /* firstSwiftProjectTests */,
				84F948A1213A48230039EDF6 /* firstSwiftProjectUITests */,
				84F94880213A48220039EDF6 /* Products */,
			);
			sourceTree = "<group>";
		};
		84F94880213A48220039EDF6 /* Products */ = {
			isa = PBXGroup;
			children = (
				84F9487F213A48220039EDF6 /* firstSwiftProject.app */,
				84F94893213A48230039EDF6 /* firstSwiftProjectTests.xctest */,
				84F9489E213A48230039EDF6 /* firstSwiftProjectUITests.xctest */,
			);
			name = Products;
			sourceTree = "<group>";
		};
		84F94881213A48220039EDF6 /* firstSwiftProject */ = {
			isa = PBXGroup;
			children = (
				84F94882213A48220039EDF6 /* AppDelegate.swift */,
				84F94884213A48220039EDF6 /* ViewController.swift */,
				84F94886213A48220039EDF6 /* Main.storyboard */,
				84F94889213A48230039EDF6 /* Assets.xcassets */,
				84F9488B213A48230039EDF6 /* LaunchScreen.storyboard */,
				84F9488E213A48230039EDF6 /* Info.plist */,
			);
			path = firstSwiftProject;
			sourceTree = "<group>";
		};
		84F94896213A48230039EDF6 /* firstSwiftProjectTests */ = {
			isa = PBXGroup;
			children = (
				84F94897213A48230039EDF6 /* firstSwiftProjectTests.swift */,
				84F94899213A48230039EDF6 /* Info.plist */,
			);
			path = firstSwiftProjectTests;
			sourceTree = "<group>";
		};
		84F948A1213A48230039EDF6 /* firstSwiftProjectUITests */ = {
			isa = PBXGroup;
			children = (
				84F948A2213A48230039EDF6 /* firstSwiftProjectUITests.swift */,
				84F948A4213A48230039EDF6 /* Info.plist */,
			);
			path = firstSwiftProjectUITests;
			sourceTree = "<group>";
		};
/* End PBXGroup section */

/* Begin PBXNativeTarget section */
		84F9487E213A48220039EDF6 /* firstSwiftProject */ = {
			isa = PBXNativeTarget;
			buildConfigurationList = 84F948A7213A48240039EDF6 /* Build configuration list for PBXNativeTarget "firstSwiftProject" */;
			buildPhases = (
				84F9487B213A48220039EDF6 /* Sources */,
				84F9487C213A48220039EDF6 /* Frameworks */,
				84F9487D213A48220039EDF6 /* Resources */,
			);
			buildRules = (
			);
			dependencies = (
			);
			name = firstSwiftProject;
			productName = firstSwiftProject;
			productReference = 84F9487F213A48220039EDF6 /* firstSwiftProject.app */;
			productType = "com.apple.product-type.application";
		};
		84F94892213A48230039EDF6 /* firstSwiftProjectTests */ = {
			isa = PBXNativeTarget;
			buildConfigurationList = 84F948AA213A48240039EDF6 /* Build configuration list for PBXNativeTarget "firstSwiftProjectTests" */;
			buildPhases = (
				84F9488F213A48230039EDF6 /* Sources */,
				84F94890213A48230039EDF6 /* Frameworks */,
				84F94891213A48230039EDF6 /* Resources */,
			);
			buildRules = (
			);
			dependencies = (
				84F94895213A48230039EDF6 /* PBXTargetDependency */,
			);
			name = firstSwiftProjectTests;
			productName = firstSwiftProjectTests;
			productReference = 84F94893213A48230039EDF6 /* firstSwiftProjectTests.xctest */;
			productType = "com.apple.product-type.bundle.unit-test";
		};
		84F9489D213A48230039EDF6 /* firstSwiftProjectUITests */ = {
			isa = PBXNativeTarget;
			buildConfigurationList = 84F948AD213A48240039EDF6 /* Build configuration list for PBXNativeTarget "firstSwiftProjectUITests" */;
			buildPhases = (
				84F9489A213A48230039EDF6 /* Sources */,
				84F9489B213A48230039EDF6 /* Frameworks */,
				84F9489C213A48230039EDF6 /* Resources */,
			);
			buildRules = (
			);
			dependencies = (
				84F948A0213A48230039EDF6 /* PBXTargetDependency */,
			);
			name = firstSwiftProjectUITests;
			productName = firstSwiftProjectUITests;
			productReference = 84F9489E213A48230039EDF6 /* firstSwiftProjectUITests.xctest */;
			productType = "com.apple.product-type.bundle.ui-testing";
		};
/* End PBXNativeTarget section */

/* Begin PBXProject section */
		84F94877213A48220039EDF6 /* Project object */ = {
			isa = PBXProject;
			attributes = {
				LastSwiftUpdateCheck = 0940;
				LastUpgradeCheck = 0940;
				ORGANIZATIONNAME = Admin;
				TargetAttributes = {
					84F9487E213A48220039EDF6 = {
						CreatedOnToolsVersion = 9.4.1;
					};
					84F94892213A48230039EDF6 = {
						CreatedOnToolsVersion = 9.4.1;
						TestTargetID = 84F9487E213A48220039EDF6;
					};
					84F9489D213A48230039EDF6 = {
						CreatedOnToolsVersion = 9.4.1;
						TestTargetID = 84F9487E213A48220039EDF6;
					};
				};
			};
			buildConfigurationList = 84F9487A213A48220039EDF6 /* Build configuration list for PBXProject "firstSwiftProject" */;
			compatibilityVersion = "Xcode 9.3";
			developmentRegion = en;
			hasScannedForEncodings = 0;
			knownRegions = (
				en,
				Base,
			);
			mainGroup = 84F94876213A48220039EDF6;
			productRefGroup = 84F94880213A48220039EDF6 /* Products */;
			projectDirPath = "";
			projectRoot = "";
			targets = (
				84F9487E213A48220039EDF6 /* firstSwiftProject */,
				84F94892213A48230039EDF6 /* firstSwiftProjectTests */,
				84F9489D213A48230039EDF6 /* firstSwiftProjectUITests */,
			);
		};
/* End PBXProject section */

/* Begin PBXResourcesBuildPhase section */
		84F9487D213A48220039EDF6 /* Resources */ = {
			isa = PBXResourcesBuildPhase;
			buildActionMask = 2147483647;
			files = (
				84F9488D213A48230039EDF6 /* LaunchScreen.storyboard in Resources */,
				84F9488A213A48230039EDF6 /* Assets.xcassets in Resources */,
				84F94888213A48220039EDF6 /* Main.storyboard in Resources */,
			);
			runOnlyForDeploymentPostprocessing = 0;
		};
		84F94891213A48230039EDF6 /* Resources */ = {
			isa = PBXResourcesBuildPhase;
			buildActionMask = 2147483647;
			files = (
			);
			runOnlyForDeploymentPostprocessing = 0;
		};
		84F9489C213A48230039EDF6 /* Resources */ = {
			isa = PBXResourcesBuildPhase;
			buildActionMask = 2147483647;
			files = (
			);
			runOnlyForDeploymentPostprocessing = 0;
		};
/* End PBXResourcesBuildPhase section */

/* Begin PBXSourcesBuildPhase section */
		84F9487B213A48220039EDF6 /* Sources */ = {
			isa = PBXSourcesBuildPhase;
			buildActionMask = 2147483647;
			files = (
				84F94885213A48220039EDF6 /* ViewController.swift in Sources */,
				84F94883213A48220039EDF6 /* AppDelegate.swift in Sources */,
			);
			runOnlyForDeploymentPostprocessing = 0;
		};
		84F9488F213A48230039EDF6 /* Sources */ = {
			isa = PBXSourcesBuildPhase;
			buildActionMask = 2147483647;
			files = (
				84F94898213A48230039EDF6 /* firstSwiftProjectTests.swift in Sources */,
			);
			runOnlyForDeploymentPostprocessing = 0;
		};
		84F9489A213A48230039EDF6 /* Sources */ = {
			isa = PBXSourcesBuildPhase;
			buildActionMask = 2147483647;
			files = (
				84F948A3213A48230039EDF6 /* firstSwiftProjectUITests.swift in Sources */,
			);
			runOnlyForDeploymentPostprocessing = 0;
		};
/* End PBXSourcesBuildPhase section */

/* Begin PBXTargetDependency section */
		84F94895213A48230039EDF6 /* PBXTargetDependency */ = {
			isa = PBXTargetDependency;
			target = 84F9487E213A48220039EDF6 /* firstSwiftProject */;
			targetProxy = 84F94894213A48230039EDF6 /* PBXContainerItemProxy */;
		};
		84F948A0213A48230039EDF6 /* PBXTargetDependency */ = {
			isa = PBXTargetDependency;
			target = 84F9487E213A48220039EDF6 /* firstSwiftProject */;
			targetProxy = 84F9489F213A48230039EDF6 /* PBXContainerItemProxy */;
		};
/* End PBXTargetDependency section */

/* Begin PBXVariantGroup section */
		84F94886213A48220039EDF6 /* Main.storyboard */ = {
			isa = PBXVariantGroup;
			children = (
				84F94887213A48220039EDF6 /* Base */,
			);
			name = Main.storyboard;
			sourceTree = "<group>";
		};
		84F9488B213A48230039EDF6 /* LaunchScreen.storyboard */ = {
			isa = PBXVariantGroup;
			children = (
				84F9488C213A48230039EDF6 /* Base */,
			);
			name = LaunchScreen.storyboard;
			sourceTree = "<group>";
		};
/* End PBXVariantGroup section */

/* Begin XCBuildConfiguration section */
		84F948A5213A48240039EDF6 /* Debug */ = {
			isa = XCBuildConfiguration;
			buildSettings = {
				ALWAYS_SEARCH_USER_PATHS = NO;
				CLANG_ANALYZER_NONNULL = YES;
				CLANG_ANALYZER_NUMBER_OBJECT_CONVERSION = YES_AGGRESSIVE;
				CLANG_CXX_LANGUAGE_STANDARD = "gnu++14";
				CLANG_CXX_LIBRARY = "libc++";
				CLANG_ENABLE_MODULES = YES;
				CLANG_ENABLE_OBJC_ARC = YES;
				CLANG_ENABLE_OBJC_WEAK = YES;
				CLANG_WARN_BLOCK_CAPTURE_AUTORELEASING = YES;
				CLANG_WARN_BOOL_CONVERSION = YES;
				CLANG_WARN_COMMA = YES;
				CLANG_WARN_CONSTANT_CONVERSION = YES;
				CLANG_WARN_DEPRECATED_OBJC_IMPLEMENTATIONS = YES;
				CLANG_WARN_DIRECT_OBJC_ISA_USAGE = YES_ERROR;
				CLANG_WARN_DOCUMENTATION_COMMENTS = YES;
				CLANG_WARN_EMPTY_BODY = YES;
				CLANG_WARN_ENUM_CONVERSION = YES;
				CLANG_WARN_INFINITE_RECURSION = YES;
				CLANG_WARN_INT_CONVERSION = YES;
				CLANG_WARN_NON_LITERAL_NULL_CONVERSION = YES;
				CLANG_WARN_OBJC_IMPLICIT_RETAIN_SELF = YES;
				CLANG_WARN_OBJC_LITERAL_CONVERSION = YES;
				CLANG_WARN_OBJC_ROOT_CLASS = YES_ERROR;
				CLANG_WARN_RANGE_LOOP_ANALYSIS = YES;
				CLANG_WARN_STRICT_PROTOTYPES = YES;
				CLANG_WARN_SUSPICIOUS_MOVE = YES;
				CLANG_WARN_UNGUARDED_AVAILABILITY = YES_AGGRESSIVE;
				CLANG_WARN_UNREACHABLE_CODE = YES;
				CLANG_WARN__DUPLICATE_METHOD_MATCH = YES;
				CODE_SIGN_IDENTITY = "iPhone Developer";
				COPY_PHASE_STRIP = NO;
				DEBUG_INFORMATION_FORMAT = dwarf;
				ENABLE_STRICT_OBJC_MSGSEND = YES;
				ENABLE_TESTABILITY = YES;
				GCC_C_LANGUAGE_STANDARD = gnu11;
				GCC_DYNAMIC_NO_PIC = NO;
				GCC_NO_COMMON_BLOCKS = YES;
				GCC_OPTIMIZATION_LEVEL = 0;
				GCC_PREPROCESSOR_DEFINITIONS = (
					"DEBUG=1",
					"$(inherited)",
				);
				GCC_WARN_64_TO_32_BIT_CONVERSION = YES;
				GCC_WARN_ABOUT_RETURN_TYPE = YES_ERROR;
				GCC_WARN_UNDECLARED_SELECTOR = YES;
				GCC_WARN_UNINITIALIZED_AUTOS = YES_AGGRESSIVE;
				GCC_WARN_UNUSED_FUNCTION = YES;
				GCC_WARN_UNUSED_VARIABLE = YES;
				IPHONEOS_DEPLOYMENT_TARGET = 11.4;
				MTL_ENABLE_DEBUG_INFO = YES;
				ONLY_ACTIVE_ARCH = YES;
				SDKROOT = iphoneos;
				SWIFT_ACTIVE_COMPILATION_CONDITIONS = DEBUG;
				SWIFT_OPTIMIZATION_LEVEL = "-Onone";
			};
			name = Debug;
		};
		84F948A6213A48240039EDF6 /* Release */ = {
			isa = XCBuildConfiguration;
			buildSettings = {
				ALWAYS_SEARCH_USER_PATHS = NO;
				CLANG_ANALYZER_NONNULL = YES;
				CLANG_ANALYZER_NUMBER_OBJECT_CONVERSION = YES_AGGRESSIVE;
				CLANG_CXX_LANGUAGE_STANDARD = "gnu++14";
				CLANG_CXX_LIBRARY = "libc++";
				CLANG_ENABLE_MODULES = YES;
				CLANG_ENABLE_OBJC_ARC = YES;
				CLANG_ENABLE_OBJC_WEAK = YES;
				CLANG_WARN_BLOCK_CAPTURE_AUTORELEASING = YES;
				CLANG_WARN_BOOL_CONVERSION = YES;
				CLANG_WARN_COMMA = YES;
				CLANG_WARN_CONSTANT_CONVERSION = YES;
				CLANG_WARN_DEPRECATED_OBJC_IMPLEMENTATIONS = YES;
				CLANG_WARN_DIRECT_OBJC_ISA_USAGE = YES_ERROR;
				CLANG_WARN_DOCUMENTATION_COMMENTS = YES;
				CLANG_WARN_EMPTY_BODY = YES;
				CLANG_WARN_ENUM_CONVERSION = YES;
				CLANG_WARN_INFINITE_RECURSION = YES;
				CLANG_WARN_INT_CONVERSION = YES;
				CLANG_WARN_NON_LITERAL_NULL_CONVERSION = YES;
				CLANG_WARN_OBJC_IMPLICIT_RETAIN_SELF = YES;
				CLANG_WARN_OBJC_LITERAL_CONVERSION = YES;
				CLANG_WARN_OBJC_ROOT_CLASS = YES_ERROR;
				CLANG_WARN_RANGE_LOOP_ANALYSIS = YES;
				CLANG_WARN_STRICT_PROTOTYPES = YES;
				CLANG_WARN_SUSPICIOUS_MOVE = YES;
				CLANG_WARN_UNGUARDED_AVAILABILITY = YES_AGGRESSIVE;
				CLANG_WARN_UNREACHABLE_CODE = YES;
				CLANG_WARN__DUPLICATE_METHOD_MATCH = YES;
				CODE_SIGN_IDENTITY = "iPhone Developer";
				COPY_PHASE_STRIP = NO;
				DEBUG_INFORMATION_FORMAT = "dwarf-with-dsym";
				ENABLE_NS_ASSERTIONS = NO;
				ENABLE_STRICT_OBJC_MSGSEND = YES;
				GCC_C_LANGUAGE_STANDARD = gnu11;
				GCC_NO_COMMON_BLOCKS = YES;
				GCC_WARN_64_TO_32_BIT_CONVERSION = YES;
				GCC_WARN_ABOUT_RETURN_TYPE = YES_ERROR;
				GCC_WARN_UNDECLARED_SELECTOR = YES;
				GCC_WARN_UNINITIALIZED_AUTOS = YES_AGGRESSIVE;
				GCC_WARN_UNUSED_FUNCTION = YES;
				GCC_WARN_UNUSED_VARIABLE = YES;
				IPHONEOS_DEPLOYMENT_TARGET = 11.4;
				MTL_ENABLE_DEBUG_INFO = NO;
				SDKROOT = iphoneos;
				SWIFT_COMPILATION_MODE = wholemodule;
				SWIFT_OPTIMIZATION_LEVEL = "-O";
				VALIDATE_PRODUCT = YES;
			};
			name = Release;
		};
		84F948A8213A48240039EDF6 /* Debug */ = {
			isa = XCBuildConfiguration;
			buildSettings = {
				ASSETCATALOG_COMPILER_APPICON_NAME = AppIcon;
				CODE_SIGN_STYLE = Automatic;
				DEVELOPMENT_TEAM = 942Q4DAKYX;
				INFOPLIST_FILE = firstSwiftProject/Info.plist;
				LD_RUNPATH_SEARCH_PATHS = (
					"$(inherited)",
					"@executable_path/Frameworks",
				);
				PRODUCT_BUNDLE_IDENTIFIER = SumonMhd.firstSwiftProject;
				PRODUCT_NAME = "$(TARGET_NAME)";
				SWIFT_VERSION = 4.0;
				TARGETED_DEVICE_FAMILY = "1,2";
			};
			name = Debug;
		};
		84F948A9213A48240039EDF6 /* Release */ = {
			isa = XCBuildConfiguration;
			buildSettings = {
				ASSETCATALOG_COMPILER_APPICON_NAME = AppIcon;
				CODE_SIGN_STYLE = Automatic;
				DEVELOPMENT_TEAM = 942Q4DAKYX;
				INFOPLIST_FILE = firstSwiftProject/Info.plist;
				LD_RUNPATH_SEARCH_PATHS = (
					"$(inherited)",
					"@executable_path/Frameworks",
				);
				PRODUCT_BUNDLE_IDENTIFIER = SumonMhd.firstSwiftProject;
				PRODUCT_NAME = "$(TARGET_NAME)";
				SWIFT_VERSION = 4.0;
				TARGETED_DEVICE_FAMILY = "1,2";
			};
			name = Release;
		};
		84F948AB213A48240039EDF6 /* Debug */ = {
			isa = XCBuildConfiguration;
			buildSettings = {
				ALWAYS_EMBED_SWIFT_STANDARD_LIBRARIES = YES;
				BUNDLE_LOADER = "$(TEST_HOST)";
				CODE_SIGN_STYLE = Automatic;
				DEVELOPMENT_TEAM = 942Q4DAKYX;
				INFOPLIST_FILE = firstSwiftProjectTests/Info.plist;
				LD_RUNPATH_SEARCH_PATHS = (
					"$(inherited)",
					"@executable_path/Frameworks",
					"@loader_path/Frameworks",
				);
				PRODUCT_BUNDLE_IDENTIFIER = SumonMhd.firstSwiftProjectTests;
				PRODUCT_NAME = "$(TARGET_NAME)";
				SWIFT_VERSION = 4.0;
				TARGETED_DEVICE_FAMILY = "1,2";
				TEST_HOST = "$(BUILT_PRODUCTS_DIR)/firstSwiftProject.app/firstSwiftProject";
			};
			name = Debug;
		};
		84F948AC213A48240039EDF6 /* Release */ = {
			isa = XCBuildConfiguration;
			buildSettings = {
				ALWAYS_EMBED_SWIFT_STANDARD_LIBRARIES = YES;
				BUNDLE_LOADER = "$(TEST_HOST)";
				CODE_SIGN_STYLE = Automatic;
				DEVELOPMENT_TEAM = 942Q4DAKYX;
				INFOPLIST_FILE = firstSwiftProjectTests/Info.plist;
				LD_RUNPATH_SEARCH_PATHS = (
					"$(inherited)",
					"@executable_path/Frameworks",
					"@loader_path/Frameworks",
				);
				PRODUCT_BUNDLE_IDENTIFIER = SumonMhd.firstSwiftProjectTests;
				PRODUCT_NAME = "$(TARGET_NAME)";
				SWIFT_VERSION = 4.0;
				TARGETED_DEVICE_FAMILY = "1,2";
				TEST_HOST = "$(BUILT_PRODUCTS_DIR)/firstSwiftProject.app/firstSwiftProject";
			};
			name = Release;
		};
		84F948AE213A48240039EDF6 /* Debug */ = {
			isa = XCBuildConfiguration;
			buildSettings = {
				ALWAYS_EMBED_SWIFT_STANDARD_LIBRARIES = YES;
				CODE_SIGN_STYLE = Automatic;
				DEVELOPMENT_TEAM = 942Q4DAKYX;
				INFOPLIST_FILE = firstSwiftProjectUITests/Info.plist;
				LD_RUNPATH_SEARCH_PATHS = (
					"$(inherited)",
					"@executable_path/Frameworks",
					"@loader_path/Frameworks",
				);
				PRODUCT_BUNDLE_IDENTIFIER = SumonMhd.firstSwiftProjectUITests;
				PRODUCT_NAME = "$(TARGET_NAME)";
				SWIFT_VERSION = 4.0;
				TARGETED_DEVICE_FAMILY = "1,2";
				TEST_TARGET_NAME = firstSwiftProject;
			};
			name = Debug;
		};
		84F948AF213A48240039EDF6 /* Release */ = {
			isa = XCBuildConfiguration;
			buildSettings = {
				ALWAYS_EMBED_SWIFT_STANDARD_LIBRARIES = YES;
				CODE_SIGN_STYLE = Automatic;
				DEVELOPMENT_TEAM = 942Q4DAKYX;
				INFOPLIST_FILE = firstSwiftProjectUITests/Info.plist;
				LD_RUNPATH_SEARCH_PATHS = (
					"$(inherited)",
					"@executable_path/Frameworks",
					"@loader_path/Frameworks",
				);
				PRODUCT_BUNDLE_IDENTIFIER = SumonMhd.firstSwiftProjectUITests;
				PRODUCT_NAME = "$(TARGET_NAME)";
				SWIFT_VERSION = 4.0;
				TARGETED_DEVICE_FAMILY = "1,2";
				TEST_TARGET_NAME = firstSwiftProject;
			};
			name = Release;
		};
/* End XCBuildConfiguration section */

/* Begin XCConfigurationList section */
		84F9487A213A48220039EDF6 /* Build configuration list for PBXProject "firstSwiftProject" */ = {
			isa = XCConfigurationList;
			buildConfigurations = (
				84F948A5213A48240039EDF6 /* Debug */,
				84F948A6213A48240039EDF6 /* Release */,
			);
			defaultConfigurationIsVisible = 0;
			defaultConfigurationName = Release;
		};
		84F948A7213A48240039EDF6 /* Build configuration list for PBXNativeTarget "firstSwiftProject" */ = {
			isa = XCConfigurationList;
			buildConfigurations = (
				84F948A8213A48240039EDF6 /* Debug */,
				84F948A9213A48240039EDF6 /* Release */,
			);
			defaultConfigurationIsVisible = 0;
			defaultConfigurationName = Release;
		};
		84F948AA213A48240039EDF6 /* Build configuration list for PBXNativeTarget "firstSwiftProjectTests" */ = {
			isa = XCConfigurationList;
			buildConfigurations = (
				84F948AB213A48240039EDF6 /* Debug */,
				84F948AC213A48240039EDF6 /* Release */,
			);
			defaultConfigurationIsVisible = 0;
			defaultConfigurationName = Release;
		};
		84F948AD213A48240039EDF6 /* Build configuration list for PBXNativeTarget "firstSwiftProjectUITests" */ = {
			isa = XCConfigurationList;
			buildConfigurations = (
				84F948AE213A48240039EDF6 /* Debug */,
				84F948AF213A48240039EDF6 /* Release */,
			);
			defaultConfigurationIsVisible = 0;
			defaultConfigurationName = Release;
		};
/* End XCConfigurationList section */
	};
	rootObject = 84F94877213A48220039EDF6 /* Project object */;
}
